// !$*UTF8*$!
{
	archiveVersion = 1;
	classes = {
	};
	objectVersion = 46;
	objects = {

/* Begin PBXBuildFile section */
		DCC9143E19068668004580F6 /* Foundation.framework in Frameworks */ = {isa = PBXBuildFile; fileRef = DCC9143D19068668004580F6 /* Foundation.framework */; };
		DCC9144019068668004580F6 /* CoreGraphics.framework in Frameworks */ = {isa = PBXBuildFile; fileRef = DCC9143F19068668004580F6 /* CoreGraphics.framework */; };
		DCC9144219068668004580F6 /* UIKit.framework in Frameworks */ = {isa = PBXBuildFile; fileRef = DCC9144119068668004580F6 /* UIKit.framework */; };
		DCC9144819068668004580F6 /* InfoPlist.strings in Resources */ = {isa = PBXBuildFile; fileRef = DCC9144619068668004580F6 /* InfoPlist.strings */; };
		DCC9144A19068668004580F6 /* main.m in Sources */ = {isa = PBXBuildFile; fileRef = DCC9144919068668004580F6 /* main.m */; };
		DCC9144E19068668004580F6 /* EveDBAppDelegate.m in Sources */ = {isa = PBXBuildFile; fileRef = DCC9144D19068668004580F6 /* EveDBAppDelegate.m */; };
		DCC9145119068668004580F6 /* Main_iPhone.storyboard in Resources */ = {isa = PBXBuildFile; fileRef = DCC9144F19068668004580F6 /* Main_iPhone.storyboard */; };
		DCC9145419068668004580F6 /* Main_iPad.storyboard in Resources */ = {isa = PBXBuildFile; fileRef = DCC9145219068668004580F6 /* Main_iPad.storyboard */; };
		DCC9145719068668004580F6 /* EveDBViewController.m in Sources */ = {isa = PBXBuildFile; fileRef = DCC9145619068668004580F6 /* EveDBViewController.m */; };
		DCC9145919068668004580F6 /* Images.xcassets in Resources */ = {isa = PBXBuildFile; fileRef = DCC9145819068668004580F6 /* Images.xcassets */; };
		DCC9146019068668004580F6 /* XCTest.framework in Frameworks */ = {isa = PBXBuildFile; fileRef = DCC9145F19068668004580F6 /* XCTest.framework */; };
		DCC9146119068668004580F6 /* Foundation.framework in Frameworks */ = {isa = PBXBuildFile; fileRef = DCC9143D19068668004580F6 /* Foundation.framework */; };
		DCC9146219068669004580F6 /* UIKit.framework in Frameworks */ = {isa = PBXBuildFile; fileRef = DCC9144119068668004580F6 /* UIKit.framework */; };
		DCC9146A19068669004580F6 /* InfoPlist.strings in Resources */ = {isa = PBXBuildFile; fileRef = DCC9146819068669004580F6 /* InfoPlist.strings */; };
		DCC9146C19068669004580F6 /* EveDBTests.m in Sources */ = {isa = PBXBuildFile; fileRef = DCC9146B19068669004580F6 /* EveDBTests.m */; };
/* End PBXBuildFile section */

/* Begin PBXContainerItemProxy section */
		DCC9146319068669004580F6 /* PBXContainerItemProxy */ = {
			isa = PBXContainerItemProxy;
			containerPortal = DCC9143219068668004580F6 /* Project object */;
			proxyType = 1;
			remoteGlobalIDString = DCC9143919068668004580F6;
			remoteInfo = EveDB;
		};
/* End PBXContainerItemProxy section */

/* Begin PBXFileReference section */
		DCC9143A19068668004580F6 /* EveDB.app */ = {isa = PBXFileReference; explicitFileType = wrapper.application; includeInIndex = 0; path = EveDB.app; sourceTree = BUILT_PRODUCTS_DIR; };
		DCC9143D19068668004580F6 /* Foundation.framework */ = {isa = PBXFileReference; lastKnownFileType = wrapper.framework; name = Foundation.framework; path = System/Library/Frameworks/Foundation.framework; sourceTree = SDKROOT; };
		DCC9143F19068668004580F6 /* CoreGraphics.framework */ = {isa = PBXFileReference; lastKnownFileType = wrapper.framework; name = CoreGraphics.framework; path = System/Library/Frameworks/CoreGraphics.framework; sourceTree = SDKROOT; };
		DCC9144119068668004580F6 /* UIKit.framework */ = {isa = PBXFileReference; lastKnownFileType = wrapper.framework; name = UIKit.framework; path = System/Library/Frameworks/UIKit.framework; sourceTree = SDKROOT; };
		DCC9144519068668004580F6 /* EveDB-Info.plist */ = {isa = PBXFileReference; lastKnownFileType = text.plist.xml; path = "EveDB-Info.plist"; sourceTree = "<group>"; };
		DCC9144719068668004580F6 /* en */ = {isa = PBXFileReference; lastKnownFileType = text.plist.strings; name = en; path = en.lproj/InfoPlist.strings; sourceTree = "<group>"; };
		DCC9144919068668004580F6 /* main.m */ = {isa = PBXFileReference; lastKnownFileType = sourcecode.c.objc; path = main.m; sourceTree = "<group>"; };
		DCC9144B19068668004580F6 /* EveDB-Prefix.pch */ = {isa = PBXFileReference; lastKnownFileType = sourcecode.c.h; path = "EveDB-Prefix.pch"; sourceTree = "<group>"; };
		DCC9144C19068668004580F6 /* EveDBAppDelegate.h */ = {isa = PBXFileReference; lastKnownFileType = sourcecode.c.h; path = EveDBAppDelegate.h; sourceTree = "<group>"; };
		DCC9144D19068668004580F6 /* EveDBAppDelegate.m */ = {isa = PBXFileReference; lastKnownFileType = sourcecode.c.objc; path = EveDBAppDelegate.m; sourceTree = "<group>"; };
		DCC9145019068668004580F6 /* Base */ = {isa = PBXFileReference; lastKnownFileType = file.storyboard; name = Base; path = Base.lproj/Main_iPhone.storyboard; sourceTree = "<group>"; };
		DCC9145319068668004580F6 /* Base */ = {isa = PBXFileReference; lastKnownFileType = file.storyboard; name = Base; path = Base.lproj/Main_iPad.storyboard; sourceTree = "<group>"; };
		DCC9145519068668004580F6 /* EveDBViewController.h */ = {isa = PBXFileReference; lastKnownFileType = sourcecode.c.h; path = EveDBViewController.h; sourceTree = "<group>"; };
		DCC9145619068668004580F6 /* EveDBViewController.m */ = {isa = PBXFileReference; lastKnownFileType = sourcecode.c.objc; path = EveDBViewController.m; sourceTree = "<group>"; };
		DCC9145819068668004580F6 /* Images.xcassets */ = {isa = PBXFileReference; lastKnownFileType = folder.assetcatalog; path = Images.xcassets; sourceTree = "<group>"; };
		DCC9145E19068668004580F6 /* EveDBTests.xctest */ = {isa = PBXFileReference; explicitFileType = wrapper.cfbundle; includeInIndex = 0; path = EveDBTests.xctest; sourceTree = BUILT_PRODUCTS_DIR; };
		DCC9145F19068668004580F6 /* XCTest.framework */ = {isa = PBXFileReference; lastKnownFileType = wrapper.framework; name = XCTest.framework; path = Library/Frameworks/XCTest.framework; sourceTree = DEVELOPER_DIR; };
		DCC9146719068669004580F6 /* EveDBTests-Info.plist */ = {isa = PBXFileReference; lastKnownFileType = text.plist.xml; path = "EveDBTests-Info.plist"; sourceTree = "<group>"; };
		DCC9146919068669004580F6 /* en */ = {isa = PBXFileReference; lastKnownFileType = text.plist.strings; name = en; path = en.lproj/InfoPlist.strings; sourceTree = "<group>"; };
		DCC9146B19068669004580F6 /* EveDBTests.m */ = {isa = PBXFileReference; lastKnownFileType = sourcecode.c.objc; path = EveDBTests.m; sourceTree = "<group>"; };
/* End PBXFileReference section */

/* Begin PBXFrameworksBuildPhase section */
		DCC9143719068668004580F6 /* Frameworks */ = {
			isa = PBXFrameworksBuildPhase;
			buildActionMask = 2147483647;
			files = (
				DCC9144019068668004580F6 /* CoreGraphics.framework in Frameworks */,
				DCC9144219068668004580F6 /* UIKit.framework in Frameworks */,
				DCC9143E19068668004580F6 /* Foundation.framework in Frameworks */,
			);
			runOnlyForDeploymentPostprocessing = 0;
		};
		DCC9145B19068668004580F6 /* Frameworks */ = {
			isa = PBXFrameworksBuildPhase;
			buildActionMask = 2147483647;
			files = (
				DCC9146019068668004580F6 /* XCTest.framework in Frameworks */,
				DCC9146219068669004580F6 /* UIKit.framework in Frameworks */,
				DCC9146119068668004580F6 /* Foundation.framework in Frameworks */,
			);
			runOnlyForDeploymentPostprocessing = 0;
		};
/* End PBXFrameworksBuildPhase section */

/* Begin PBXGroup section */
		DCC9143119068668004580F6 = {
			isa = PBXGroup;
			children = (
				DCC9144319068668004580F6 /* EveDB */,
				DCC9146519068669004580F6 /* EveDBTests */,
				DCC9143C19068668004580F6 /* Frameworks */,
				DCC9143B19068668004580F6 /* Products */,
			);
			sourceTree = "<group>";
		};
		DCC9143B19068668004580F6 /* Products */ = {
			isa = PBXGroup;
			children = (
				DCC9143A19068668004580F6 /* EveDB.app */,
				DCC9145E19068668004580F6 /* EveDBTests.xctest */,
			);
			name = Products;
			sourceTree = "<group>";
		};
		DCC9143C19068668004580F6 /* Frameworks */ = {
			isa = PBXGroup;
			children = (
				DCC9143D19068668004580F6 /* Foundation.framework */,
				DCC9143F19068668004580F6 /* CoreGraphics.framework */,
				DCC9144119068668004580F6 /* UIKit.framework */,
				DCC9145F19068668004580F6 /* XCTest.framework */,
			);
			name = Frameworks;
			sourceTree = "<group>";
		};
		DCC9144319068668004580F6 /* EveDB */ = {
			isa = PBXGroup;
			children = (
				DCC9144C19068668004580F6 /* EveDBAppDelegate.h */,
				DCC9144D19068668004580F6 /* EveDBAppDelegate.m */,
				DCC9144F19068668004580F6 /* Main_iPhone.storyboard */,
				DCC9145219068668004580F6 /* Main_iPad.storyboard */,
				DCC9145519068668004580F6 /* EveDBViewController.h */,
				DCC9145619068668004580F6 /* EveDBViewController.m */,
				DCC9145819068668004580F6 /* Images.xcassets */,
				DCC9144419068668004580F6 /* Supporting Files */,
			);
			path = EveDB;
			sourceTree = "<group>";
		};
		DCC9144419068668004580F6 /* Supporting Files */ = {
			isa = PBXGroup;
			children = (
				DCC9144519068668004580F6 /* EveDB-Info.plist */,
				DCC9144619068668004580F6 /* InfoPlist.strings */,
				DCC9144919068668004580F6 /* main.m */,
				DCC9144B19068668004580F6 /* EveDB-Prefix.pch */,
			);
			name = "Supporting Files";
			sourceTree = "<group>";
		};
		DCC9146519068669004580F6 /* EveDBTests */ = {
			isa = PBXGroup;
			children = (
				DCC9146B19068669004580F6 /* EveDBTests.m */,
				DCC9146619068669004580F6 /* Supporting Files */,
			);
			path = EveDBTests;
			sourceTree = "<group>";
		};
		DCC9146619068669004580F6 /* Supporting Files */ = {
			isa = PBXGroup;
			children = (
				DCC9146719068669004580F6 /* EveDBTests-Info.plist */,
				DCC9146819068669004580F6 /* InfoPlist.strings */,
			);
			name = "Supporting Files";
			sourceTree = "<group>";
		};
/* End PBXGroup section */

/* Begin PBXNativeTarget section */
		DCC9143919068668004580F6 /* EveDB */ = {
			isa = PBXNativeTarget;
			buildConfigurationList = DCC9146F19068669004580F6 /* Build configuration list for PBXNativeTarget "EveDB" */;
			buildPhases = (
				DCC9143619068668004580F6 /* Sources */,
				DCC9143719068668004580F6 /* Frameworks */,
				DCC9143819068668004580F6 /* Resources */,
			);
			buildRules = (
			);
			dependencies = (
			);
			name = EveDB;
			productName = EveDB;
			productReference = DCC9143A19068668004580F6 /* EveDB.app */;
			productType = "com.apple.product-type.application";
		};
		DCC9145D19068668004580F6 /* EveDBTests */ = {
			isa = PBXNativeTarget;
			buildConfigurationList = DCC9147219068669004580F6 /* Build configuration list for PBXNativeTarget "EveDBTests" */;
			buildPhases = (
				DCC9145A19068668004580F6 /* Sources */,
				DCC9145B19068668004580F6 /* Frameworks */,
				DCC9145C19068668004580F6 /* Resources */,
			);
			buildRules = (
			);
			dependencies = (
				DCC9146419068669004580F6 /* PBXTargetDependency */,
			);
			name = EveDBTests;
			productName = EveDBTests;
			productReference = DCC9145E19068668004580F6 /* EveDBTests.xctest */;
			productType = "com.apple.product-type.bundle.unit-test";
		};
/* End PBXNativeTarget section */

/* Begin PBXProject section */
		DCC9143219068668004580F6 /* Project object */ = {
			isa = PBXProject;
			attributes = {
				CLASSPREFIX = EveDB;
				LastUpgradeCheck = 0510;
				ORGANIZATIONNAME = Vantech;
				TargetAttributes = {
					DCC9145D19068668004580F6 = {
						TestTargetID = DCC9143919068668004580F6;
					};
				};
			};
			buildConfigurationList = DCC9143519068668004580F6 /* Build configuration list for PBXProject "EveDB" */;
			compatibilityVersion = "Xcode 3.2";
			developmentRegion = English;
			hasScannedForEncodings = 0;
			knownRegions = (
				en,
				Base,
			);
			mainGroup = DCC9143119068668004580F6;
			productRefGroup = DCC9143B19068668004580F6 /* Products */;
			projectDirPath = "";
			projectRoot = "";
			targets = (
				DCC9143919068668004580F6 /* EveDB */,
				DCC9145D19068668004580F6 /* EveDBTests */,
			);
		};
/* End PBXProject section */

/* Begin PBXResourcesBuildPhase section */
		DCC9143819068668004580F6 /* Resources */ = {
			isa = PBXResourcesBuildPhase;
			buildActionMask = 2147483647;
			files = (
				DCC9145419068668004580F6 /* Main_iPad.storyboard in Resources */,
				DCC9145919068668004580F6 /* Images.xcassets in Resources */,
				DCC9145119068668004580F6 /* Main_iPhone.storyboard in Resources */,
				DCC9144819068668004580F6 /* InfoPlist.strings in Resources */,
			);
			runOnlyForDeploymentPostprocessing = 0;
		};
		DCC9145C19068668004580F6 /* Resources */ = {
			isa = PBXResourcesBuildPhase;
			buildActionMask = 2147483647;
			files = (
				DCC9146A19068669004580F6 /* InfoPlist.strings in Resources */,
			);
			runOnlyForDeploymentPostprocessing = 0;
		};
/* End PBXResourcesBuildPhase section */

/* Begin PBXSourcesBuildPhase section */
		DCC9143619068668004580F6 /* Sources */ = {
			isa = PBXSourcesBuildPhase;
			buildActionMask = 2147483647;
			files = (
				DCC9144A19068668004580F6 /* main.m in Sources */,
				DCC9145719068668004580F6 /* EveDBViewController.m in Sources */,
				DCC9144E19068668004580F6 /* EveDBAppDelegate.m in Sources */,
			);
			runOnlyForDeploymentPostprocessing = 0;
		};
		DCC9145A19068668004580F6 /* Sources */ = {
			isa = PBXSourcesBuildPhase;
			buildActionMask = 2147483647;
			files = (
				DCC9146C19068669004580F6 /* EveDBTests.m in Sources */,
			);
			runOnlyForDeploymentPostprocessing = 0;
		};
/* End PBXSourcesBuildPhase section */

/* Begin PBXTargetDependency section */
		DCC9146419068669004580F6 /* PBXTargetDependency */ = {
			isa = PBXTargetDependency;
			target = DCC9143919068668004580F6 /* EveDB */;
			targetProxy = DCC9146319068669004580F6 /* PBXContainerItemProxy */;
		};
/* End PBXTargetDependency section */

/* Begin PBXVariantGroup section */
		DCC9144619068668004580F6 /* InfoPlist.strings */ = {
			isa = PBXVariantGroup;
			children = (
				DCC9144719068668004580F6 /* en */,
			);
			name = InfoPlist.strings;
			sourceTree = "<group>";
		};
		DCC9144F19068668004580F6 /* Main_iPhone.storyboard */ = {
			isa = PBXVariantGroup;
			children = (
				DCC9145019068668004580F6 /* Base */,
			);
			name = Main_iPhone.storyboard;
			sourceTree = "<group>";
		};
		DCC9145219068668004580F6 /* Main_iPad.storyboard */ = {
			isa = PBXVariantGroup;
			children = (
				DCC9145319068668004580F6 /* Base */,
			);
			name = Main_iPad.storyboard;
			sourceTree = "<group>";
		};
		DCC9146819068669004580F6 /* InfoPlist.strings */ = {
			isa = PBXVariantGroup;
			children = (
				DCC9146919068669004580F6 /* en */,
			);
			name = InfoPlist.strings;
			sourceTree = "<group>";
		};
/* End PBXVariantGroup section */

/* Begin XCBuildConfiguration section */
		DCC9146D19068669004580F6 /* Debug */ = {
			isa = XCBuildConfiguration;
			buildSettings = {
				ALWAYS_SEARCH_USER_PATHS = NO;
				CLANG_CXX_LANGUAGE_STANDARD = "gnu++0x";
				CLANG_CXX_LIBRARY = "libc++";
				CLANG_ENABLE_MODULES = YES;
				CLANG_ENABLE_OBJC_ARC = YES;
				CLANG_WARN_BOOL_CONVERSION = YES;
				CLANG_WARN_CONSTANT_CONVERSION = YES;
				CLANG_WARN_DIRECT_OBJC_ISA_USAGE = YES_ERROR;
				CLANG_WARN_EMPTY_BODY = YES;
				CLANG_WARN_ENUM_CONVERSION = YES;
				CLANG_WARN_INT_CONVERSION = YES;
				CLANG_WARN_OBJC_ROOT_CLASS = YES_ERROR;
				CLANG_WARN__DUPLICATE_METHOD_MATCH = YES;
				"CODE_SIGN_IDENTITY[sdk=iphoneos*]" = "iPhone Developer";
				COPY_PHASE_STRIP = NO;
				GCC_C_LANGUAGE_STANDARD = gnu99;
				GCC_DYNAMIC_NO_PIC = NO;
				GCC_OPTIMIZATION_LEVEL = 0;
				GCC_PREPROCESSOR_DEFINITIONS = (
					"DEBUG=1",
					"$(inherited)",
				);
				GCC_SYMBOLS_PRIVATE_EXTERN = NO;
				GCC_WARN_64_TO_32_BIT_CONVERSION = YES;
				GCC_WARN_ABOUT_RETURN_TYPE = YES_ERROR;
				GCC_WARN_UNDECLARED_SELECTOR = YES;
				GCC_WARN_UNINITIALIZED_AUTOS = YES_AGGRESSIVE;
				GCC_WARN_UNUSED_FUNCTION = YES;
				GCC_WARN_UNUSED_VARIABLE = YES;
				IPHONEOS_DEPLOYMENT_TARGET = 7.1;
				ONLY_ACTIVE_ARCH = YES;
				SDKROOT = iphoneos;
				TARGETED_DEVICE_FAMILY = "1,2";
			};
			name = Debug;
		};
		DCC9146E19068669004580F6 /* Release */ = {
			isa = XCBuildConfiguration;
			buildSettings = {
				ALWAYS_SEARCH_USER_PATHS = NO;
				CLANG_CXX_LANGUAGE_STANDARD = "gnu++0x";
				CLANG_CXX_LIBRARY = "libc++";
				CLANG_ENABLE_MODULES = YES;
				CLANG_ENABLE_OBJC_ARC = YES;
				CLANG_WARN_BOOL_CONVERSION = YES;
				CLANG_WARN_CONSTANT_CONVERSION = YES;
				CLANG_WARN_DIRECT_OBJC_ISA_USAGE = YES_ERROR;
				CLANG_WARN_EMPTY_BODY = YES;
				CLANG_WARN_ENUM_CONVERSION = YES;
				CLANG_WARN_INT_CONVERSION = YES;
				CLANG_WARN_OBJC_ROOT_CLASS = YES_ERROR;
				CLANG_WARN__DUPLICATE_METHOD_MATCH = YES;
				"CODE_SIGN_IDENTITY[sdk=iphoneos*]" = "iPhone Developer";
				COPY_PHASE_STRIP = YES;
				ENABLE_NS_ASSERTIONS = NO;
				GCC_C_LANGUAGE_STANDARD = gnu99;
				GCC_WARN_64_TO_32_BIT_CONVERSION = YES;
				GCC_WARN_ABOUT_RETURN_TYPE = YES_ERROR;
				GCC_WARN_UNDECLARED_SELECTOR = YES;
				GCC_WARN_UNINITIALIZED_AUTOS = YES_AGGRESSIVE;
				GCC_WARN_UNUSED_FUNCTION = YES;
				GCC_WARN_UNUSED_VARIABLE = YES;
				IPHONEOS_DEPLOYMENT_TARGET = 7.1;
				SDKROOT = iphoneos;
				TARGETED_DEVICE_FAMILY = "1,2";
				VALIDATE_PRODUCT = YES;
			};
			name = Release;
		};
		DCC9147019068669004580F6 /* Debug */ = {
			isa = XCBuildConfiguration;
			buildSettings = {
				ASSETCATALOG_COMPILER_APPICON_NAME = AppIcon;
				ASSETCATALOG_COMPILER_LAUNCHIMAGE_NAME = LaunchImage;
				GCC_PRECOMPILE_PREFIX_HEADER = YES;
				GCC_PREFIX_HEADER = "EveDB/EveDB-Prefix.pch";
				INFOPLIST_FILE = "EveDB/EveDB-Info.plist";
				PRODUCT_NAME = "$(TARGET_NAME)";
				WRAPPER_EXTENSION = app;
			};
			name = Debug;
		};
		DCC9147119068669004580F6 /* Release */ = {
			isa = XCBuildConfiguration;
			buildSettings = {
				ASSETCATALOG_COMPILER_APPICON_NAME = AppIcon;
				ASSETCATALOG_COMPILER_LAUNCHIMAGE_NAME = LaunchImage;
				GCC_PRECOMPILE_PREFIX_HEADER = YES;
				GCC_PREFIX_HEADER = "EveDB/EveDB-Prefix.pch";
				INFOPLIST_FILE = "EveDB/EveDB-Info.plist";
				PRODUCT_NAME = "$(TARGET_NAME)";
				WRAPPER_EXTENSION = app;
			};
			name = Release;
		};
		DCC9147319068669004580F6 /* Debug */ = {
			isa = XCBuildConfiguration;
			buildSettings = {
				BUNDLE_LOADER = "$(BUILT_PRODUCTS_DIR)/EveDB.app/EveDB";
				FRAMEWORK_SEARCH_PATHS = (
					"$(SDKROOT)/Developer/Library/Frameworks",
					"$(inherited)",
					"$(DEVELOPER_FRAMEWORKS_DIR)",
				);
				GCC_PRECOMPILE_PREFIX_HEADER = YES;
				GCC_PREFIX_HEADER = "EveDB/EveDB-Prefix.pch";
				GCC_PREPROCESSOR_DEFINITIONS = (
					"DEBUG=1",
					"$(inherited)",
				);
				INFOPLIST_FILE = "EveDBTests/EveDBTests-Info.plist";
				PRODUCT_NAME = "$(TARGET_NAME)";
				TEST_HOST = "$(BUNDLE_LOADER)";
				WRAPPER_EXTENSION = xctest;
			};
			name = Debug;
		};
		DCC9147419068669004580F6 /* Release */ = {
			isa = XCBuildConfiguration;
			buildSettings = {
				BUNDLE_LOADER = "$(BUILT_PRODUCTS_DIR)/EveDB.app/EveDB";
				FRAMEWORK_SEARCH_PATHS = (
					"$(SDKROOT)/Developer/Library/Frameworks",
					"$(inherited)",
					"$(DEVELOPER_FRAMEWORKS_DIR)",
				);
				GCC_PRECOMPILE_PREFIX_HEADER = YES;
				GCC_PREFIX_HEADER = "EveDB/EveDB-Prefix.pch";
				INFOPLIST_FILE = "EveDBTests/EveDBTests-Info.plist";
				PRODUCT_NAME = "$(TARGET_NAME)";
				TEST_HOST = "$(BUNDLE_LOADER)";
				WRAPPER_EXTENSION = xctest;
			};
			name = Release;
		};
/* End XCBuildConfiguration section */

/* Begin XCConfigurationList section */
		DCC9143519068668004580F6 /* Build configuration list for PBXProject "EveDB" */ = {
			isa = XCConfigurationList;
			buildConfigurations = (
				DCC9146D19068669004580F6 /* Debug */,
				DCC9146E19068669004580F6 /* Release */,
			);
			defaultConfigurationIsVisible = 0;
			defaultConfigurationName = Release;
		};
		DCC9146F19068669004580F6 /* Build configuration list for PBXNativeTarget "EveDB" */ = {
			isa = XCConfigurationList;
			buildConfigurations = (
				DCC9147019068669004580F6 /* Debug */,
				DCC9147119068669004580F6 /* Release */,
			);
			defaultConfigurationIsVisible = 0;
		};
		DCC9147219068669004580F6 /* Build configuration list for PBXNativeTarget "EveDBTests" */ = {
			isa = XCConfigurationList;
			buildConfigurations = (
				DCC9147319068669004580F6 /* Debug */,
				DCC9147419068669004580F6 /* Release */,
			);
			defaultConfigurationIsVisible = 0;
		};
/* End XCConfigurationList section */
	};
	rootObject = DCC9143219068668004580F6 /* Project object */;
}
